
Microsoft Visual Studio Solution File, Format Version 12.00
# Visual Studio Version 17
VisualStudioVersion = 17.0.31903.59
MinimumVisualStudioVersion = 10.0.40219.1
Project("{2150E333-8FDC-42A3-9474-1A3956D46DE8}") = "src", "src", "{827E0CD3-B72D-47B6-A68D-7590B98EB39B}"
EndProject
Project("{2150E333-8FDC-42A3-9474-1A3956D46DE8}") = "Adapters", "Adapters", "{3E9C3776-17C9-28DE-3735-A8B9F121C183}"
EndProject
Project("{FAE04EC0-301F-11D3-BF4B-00C04F79EFBC}") = "Antifraud.Adapter.KafkaProducer", "src\Adapters\Antifraud.Adapter.KafkaProducer\Antifraud.Adapter.KafkaProducer.csproj", "{52AE37F6-5EB8-4ADC-9449-3E9DBA16081C}"
EndProject
Project("{2150E333-8FDC-42A3-9474-1A3956D46DE8}") = "Modules", "Modules", "{EC447DCF-ABFA-6E24-52A5-D7FD48A5C558}"
EndProject
Project("{FAE04EC0-301F-11D3-BF4B-00C04F79EFBC}") = "Antifraud.Application", "src\Modules\Antifraud.Application\Antifraud.Application.csproj", "{3151825B-A8DB-48BC-B97B-6FE44DC0E88E}"
EndProject
Project("{FAE04EC0-301F-11D3-BF4B-00C04F79EFBC}") = "Antifraud.Domain", "src\Modules\Antifraud.Domain\Antifraud.Domain.csproj", "{D5170516-3802-419E-A25C-C76064BB842F}"
EndProject
Project("{FAE04EC0-301F-11D3-BF4B-00C04F79EFBC}") = "Antifraud.Infrastructure", "src\Modules\Antifraud.Infrastructure\Antifraud.Infrastructure.csproj", "{C18C61CE-5F06-4A86-81AB-88C8DE5309A0}"
EndProject
Project("{FAE04EC0-301F-11D3-BF4B-00C04F79EFBC}") = "Transaction.Application", "src\Modules\Transaction.Application\Transaction.Application.csproj", "{561D901F-D16D-426D-B8EA-DEAE12F58956}"
EndProject
Project("{FAE04EC0-301F-11D3-BF4B-00C04F79EFBC}") = "Transaction.Domain", "src\Modules\Transaction.Domain\Transaction.Domain.csproj", "{05D8BAE8-43B4-466A-AA9C-4A87CB256C97}"
EndProject
Project("{FAE04EC0-301F-11D3-BF4B-00C04F79EFBC}") = "Transaction.Infrastructure", "src\Modules\Transaction.Infrastructure\Transaction.Infrastructure.csproj", "{0C122CF1-8923-41BF-928E-61FAAA4DF5B8}"
EndProject
Project("{2150E333-8FDC-42A3-9474-1A3956D46DE8}") = "Ports", "Ports", "{32FAA0B6-D8A9-7F26-B2D1-24CFD72580FF}"
EndProject
Project("{FAE04EC0-301F-11D3-BF4B-00C04F79EFBC}") = "Antifraud.Ports.KafkaConsumers", "src\Ports\Antifraud.Ports.KafkaConsumers\Antifraud.Ports.KafkaConsumers.csproj", "{2B0AA96C-89B2-41EC-9CA8-CBB57895F465}"
EndProject
Project("{FAE04EC0-301F-11D3-BF4B-00C04F79EFBC}") = "Transaction.Adapters.KafkaProducer", "src\Ports\Transaction.Ports.KafkaConsumers\Transaction.Adapters.KafkaProducer.csproj", "{6A9D0DDC-894D-4B57-B9F8-C52D7794D53F}"
EndProject
Project("{FAE04EC0-301F-11D3-BF4B-00C04F79EFBC}") = "Transaction.Ports.Postgres", "src\Ports\Transaction.Ports.Postgres\Transaction.Ports.Postgres.csproj", "{4B4F97B2-231E-44C2-8B27-FB97176C873B}"
EndProject
Project("{FAE04EC0-301F-11D3-BF4B-00C04F79EFBC}") = "Transaction.Ports.TransactionApi", "src\Ports\Transaction.Ports.TransactionApi\Transaction.Ports.TransactionApi.csproj", "{09642602-B34E-4F77-96D3-FB18BAF065E8}"
EndProject
Project("{2150E333-8FDC-42A3-9474-1A3956D46DE8}") = "Common", "Common", "{02EA681E-C7D8-13C7-8484-4AC65E1B71E8}"
EndProject
Project("{FAE04EC0-301F-11D3-BF4B-00C04F79EFBC}") = "Common", "src\Common\Common.csproj", "{3F3044DC-A9F8-DE16-79DD-4A0C1649CD06}"
EndProject
Project("{2150E333-8FDC-42A3-9474-1A3956D46DE8}") = "test", "test", "{0C88DD14-F956-CE84-757C-A364CCF449FC}"
EndProject
Project("{FAE04EC0-301F-11D3-BF4B-00C04F79EFBC}") = "Antifraud.Application.Test", "test\Antifraud.Application.Test\Antifraud.Application.Test.csproj", "{19D53FC9-77AA-4092-AB16-794DAA4503FE}"
EndProject
Project("{FAE04EC0-301F-11D3-BF4B-00C04F79EFBC}") = "Transaction.Application.Test", "test\Transaction.Application.Test\Transaction.Application.Test.csproj", "{8AFEE154-43FC-4E72-B340-2C3194B18677}"
EndProject
Project("{FAE04EC0-301F-11D3-BF4B-00C04F79EFBC}") = "Transaction.Ports.KafkaConsumers", "Transaction.Ports.KafkaConsumers\Transaction.Ports.KafkaConsumers.csproj", "{0BBBE076-0BF1-431E-9966-E48D9A6869BA}"
EndProject
Project("{FAE04EC0-301F-11D3-BF4B-00C04F79EFBC}") = "Antifraud.Ports.Redis", "Antifraud.PortsRedis\Antifraud.Ports.Redis.csproj", "{F6909775-D6BA-48AA-B47B-D3843384FDC1}"
EndProject
Project("{2150E333-8FDC-42A3-9474-1A3956D46DE8}") = "SolutionItems", "SolutionItems", "{55D32961-9D00-40E2-ACCF-A8293583E86D}"
	ProjectSection(SolutionItems) = preProject
		Diagram.png = Diagram.png
		docker-compose.yaml = docker-compose.yaml
		ReadMe.md = ReadMe.md
	EndProjectSection
EndProject
Global
	GlobalSection(SolutionConfigurationPlatforms) = preSolution
		Debug|Any CPU = Debug|Any CPU
		Debug|x64 = Debug|x64
		Debug|x86 = Debug|x86
		Release|Any CPU = Release|Any CPU
		Release|x64 = Release|x64
		Release|x86 = Release|x86
	EndGlobalSection
	GlobalSection(ProjectConfigurationPlatforms) = postSolution
		{52AE37F6-5EB8-4ADC-9449-3E9DBA16081C}.Debug|Any CPU.ActiveCfg = Debug|Any CPU
		{52AE37F6-5EB8-4ADC-9449-3E9DBA16081C}.Debug|Any CPU.Build.0 = Debug|Any CPU
		{52AE37F6-5EB8-4ADC-9449-3E9DBA16081C}.Debug|x64.ActiveCfg = Debug|Any CPU
		{52AE37F6-5EB8-4ADC-9449-3E9DBA16081C}.Debug|x64.Build.0 = Debug|Any CPU
		{52AE37F6-5EB8-4ADC-9449-3E9DBA16081C}.Debug|x86.ActiveCfg = Debug|Any CPU
		{52AE37F6-5EB8-4ADC-9449-3E9DBA16081C}.Debug|x86.Build.0 = Debug|Any CPU
		{52AE37F6-5EB8-4ADC-9449-3E9DBA16081C}.Release|Any CPU.ActiveCfg = Release|Any CPU
		{52AE37F6-5EB8-4ADC-9449-3E9DBA16081C}.Release|Any CPU.Build.0 = Release|Any CPU
		{52AE37F6-5EB8-4ADC-9449-3E9DBA16081C}.Release|x64.ActiveCfg = Release|Any CPU
		{52AE37F6-5EB8-4ADC-9449-3E9DBA16081C}.Release|x64.Build.0 = Release|Any CPU
		{52AE37F6-5EB8-4ADC-9449-3E9DBA16081C}.Release|x86.ActiveCfg = Release|Any CPU
		{52AE37F6-5EB8-4ADC-9449-3E9DBA16081C}.Release|x86.Build.0 = Release|Any CPU
		{3151825B-A8DB-48BC-B97B-6FE44DC0E88E}.Debug|Any CPU.ActiveCfg = Debug|Any CPU
		{3151825B-A8DB-48BC-B97B-6FE44DC0E88E}.Debug|Any CPU.Build.0 = Debug|Any CPU
		{3151825B-A8DB-48BC-B97B-6FE44DC0E88E}.Debug|x64.ActiveCfg = Debug|Any CPU
		{3151825B-A8DB-48BC-B97B-6FE44DC0E88E}.Debug|x64.Build.0 = Debug|Any CPU
		{3151825B-A8DB-48BC-B97B-6FE44DC0E88E}.Debug|x86.ActiveCfg = Debug|Any CPU
		{3151825B-A8DB-48BC-B97B-6FE44DC0E88E}.Debug|x86.Build.0 = Debug|Any CPU
		{3151825B-A8DB-48BC-B97B-6FE44DC0E88E}.Release|Any CPU.ActiveCfg = Release|Any CPU
		{3151825B-A8DB-48BC-B97B-6FE44DC0E88E}.Release|Any CPU.Build.0 = Release|Any CPU
		{3151825B-A8DB-48BC-B97B-6FE44DC0E88E}.Release|x64.ActiveCfg = Release|Any CPU
		{3151825B-A8DB-48BC-B97B-6FE44DC0E88E}.Release|x64.Build.0 = Release|Any CPU
		{3151825B-A8DB-48BC-B97B-6FE44DC0E88E}.Release|x86.ActiveCfg = Release|Any CPU
		{3151825B-A8DB-48BC-B97B-6FE44DC0E88E}.Release|x86.Build.0 = Release|Any CPU
		{D5170516-3802-419E-A25C-C76064BB842F}.Debug|Any CPU.ActiveCfg = Debug|Any CPU
		{D5170516-3802-419E-A25C-C76064BB842F}.Debug|Any CPU.Build.0 = Debug|Any CPU
		{D5170516-3802-419E-A25C-C76064BB842F}.Debug|x64.ActiveCfg = Debug|Any CPU
		{D5170516-3802-419E-A25C-C76064BB842F}.Debug|x64.Build.0 = Debug|Any CPU
		{D5170516-3802-419E-A25C-C76064BB842F}.Debug|x86.ActiveCfg = Debug|Any CPU
		{D5170516-3802-419E-A25C-C76064BB842F}.Debug|x86.Build.0 = Debug|Any CPU
		{D5170516-3802-419E-A25C-C76064BB842F}.Release|Any CPU.ActiveCfg = Release|Any CPU
		{D5170516-3802-419E-A25C-C76064BB842F}.Release|Any CPU.Build.0 = Release|Any CPU
		{D5170516-3802-419E-A25C-C76064BB842F}.Release|x64.ActiveCfg = Release|Any CPU
		{D5170516-3802-419E-A25C-C76064BB842F}.Release|x64.Build.0 = Release|Any CPU
		{D5170516-3802-419E-A25C-C76064BB842F}.Release|x86.ActiveCfg = Release|Any CPU
		{D5170516-3802-419E-A25C-C76064BB842F}.Release|x86.Build.0 = Release|Any CPU
		{C18C61CE-5F06-4A86-81AB-88C8DE5309A0}.Debug|Any CPU.ActiveCfg = Debug|Any CPU
		{C18C61CE-5F06-4A86-81AB-88C8DE5309A0}.Debug|Any CPU.Build.0 = Debug|Any CPU
		{C18C61CE-5F06-4A86-81AB-88C8DE5309A0}.Debug|x64.ActiveCfg = Debug|Any CPU
		{C18C61CE-5F06-4A86-81AB-88C8DE5309A0}.Debug|x64.Build.0 = Debug|Any CPU
		{C18C61CE-5F06-4A86-81AB-88C8DE5309A0}.Debug|x86.ActiveCfg = Debug|Any CPU
		{C18C61CE-5F06-4A86-81AB-88C8DE5309A0}.Debug|x86.Build.0 = Debug|Any CPU
		{C18C61CE-5F06-4A86-81AB-88C8DE5309A0}.Release|Any CPU.ActiveCfg = Release|Any CPU
		{C18C61CE-5F06-4A86-81AB-88C8DE5309A0}.Release|Any CPU.Build.0 = Release|Any CPU
		{C18C61CE-5F06-4A86-81AB-88C8DE5309A0}.Release|x64.ActiveCfg = Release|Any CPU
		{C18C61CE-5F06-4A86-81AB-88C8DE5309A0}.Release|x64.Build.0 = Release|Any CPU
		{C18C61CE-5F06-4A86-81AB-88C8DE5309A0}.Release|x86.ActiveCfg = Release|Any CPU
		{C18C61CE-5F06-4A86-81AB-88C8DE5309A0}.Release|x86.Build.0 = Release|Any CPU
		{561D901F-D16D-426D-B8EA-DEAE12F58956}.Debug|Any CPU.ActiveCfg = Debug|Any CPU
		{561D901F-D16D-426D-B8EA-DEAE12F58956}.Debug|Any CPU.Build.0 = Debug|Any CPU
		{561D901F-D16D-426D-B8EA-DEAE12F58956}.Debug|x64.ActiveCfg = Debug|Any CPU
		{561D901F-D16D-426D-B8EA-DEAE12F58956}.Debug|x64.Build.0 = Debug|Any CPU
		{561D901F-D16D-426D-B8EA-DEAE12F58956}.Debug|x86.ActiveCfg = Debug|Any CPU
		{561D901F-D16D-426D-B8EA-DEAE12F58956}.Debug|x86.Build.0 = Debug|Any CPU
		{561D901F-D16D-426D-B8EA-DEAE12F58956}.Release|Any CPU.ActiveCfg = Release|Any CPU
		{561D901F-D16D-426D-B8EA-DEAE12F58956}.Release|Any CPU.Build.0 = Release|Any CPU
		{561D901F-D16D-426D-B8EA-DEAE12F58956}.Release|x64.ActiveCfg = Release|Any CPU
		{561D901F-D16D-426D-B8EA-DEAE12F58956}.Release|x64.Build.0 = Release|Any CPU
		{561D901F-D16D-426D-B8EA-DEAE12F58956}.Release|x86.ActiveCfg = Release|Any CPU
		{561D901F-D16D-426D-B8EA-DEAE12F58956}.Release|x86.Build.0 = Release|Any CPU
		{05D8BAE8-43B4-466A-AA9C-4A87CB256C97}.Debug|Any CPU.ActiveCfg = Debug|Any CPU
		{05D8BAE8-43B4-466A-AA9C-4A87CB256C97}.Debug|Any CPU.Build.0 = Debug|Any CPU
		{05D8BAE8-43B4-466A-AA9C-4A87CB256C97}.Debug|x64.ActiveCfg = Debug|Any CPU
		{05D8BAE8-43B4-466A-AA9C-4A87CB256C97}.Debug|x64.Build.0 = Debug|Any CPU
		{05D8BAE8-43B4-466A-AA9C-4A87CB256C97}.Debug|x86.ActiveCfg = Debug|Any CPU
		{05D8BAE8-43B4-466A-AA9C-4A87CB256C97}.Debug|x86.Build.0 = Debug|Any CPU
		{05D8BAE8-43B4-466A-AA9C-4A87CB256C97}.Release|Any CPU.ActiveCfg = Release|Any CPU
		{05D8BAE8-43B4-466A-AA9C-4A87CB256C97}.Release|Any CPU.Build.0 = Release|Any CPU
		{05D8BAE8-43B4-466A-AA9C-4A87CB256C97}.Release|x64.ActiveCfg = Release|Any CPU
		{05D8BAE8-43B4-466A-AA9C-4A87CB256C97}.Release|x64.Build.0 = Release|Any CPU
		{05D8BAE8-43B4-466A-AA9C-4A87CB256C97}.Release|x86.ActiveCfg = Release|Any CPU
		{05D8BAE8-43B4-466A-AA9C-4A87CB256C97}.Release|x86.Build.0 = Release|Any CPU
		{0C122CF1-8923-41BF-928E-61FAAA4DF5B8}.Debug|Any CPU.ActiveCfg = Debug|Any CPU
		{0C122CF1-8923-41BF-928E-61FAAA4DF5B8}.Debug|Any CPU.Build.0 = Debug|Any CPU
		{0C122CF1-8923-41BF-928E-61FAAA4DF5B8}.Debug|x64.ActiveCfg = Debug|Any CPU
		{0C122CF1-8923-41BF-928E-61FAAA4DF5B8}.Debug|x64.Build.0 = Debug|Any CPU
		{0C122CF1-8923-41BF-928E-61FAAA4DF5B8}.Debug|x86.ActiveCfg = Debug|Any CPU
		{0C122CF1-8923-41BF-928E-61FAAA4DF5B8}.Debug|x86.Build.0 = Debug|Any CPU
		{0C122CF1-8923-41BF-928E-61FAAA4DF5B8}.Release|Any CPU.ActiveCfg = Release|Any CPU
		{0C122CF1-8923-41BF-928E-61FAAA4DF5B8}.Release|Any CPU.Build.0 = Release|Any CPU
		{0C122CF1-8923-41BF-928E-61FAAA4DF5B8}.Release|x64.ActiveCfg = Release|Any CPU
		{0C122CF1-8923-41BF-928E-61FAAA4DF5B8}.Release|x64.Build.0 = Release|Any CPU
		{0C122CF1-8923-41BF-928E-61FAAA4DF5B8}.Release|x86.ActiveCfg = Release|Any CPU
		{0C122CF1-8923-41BF-928E-61FAAA4DF5B8}.Release|x86.Build.0 = Release|Any CPU
		{2B0AA96C-89B2-41EC-9CA8-CBB57895F465}.Debug|Any CPU.ActiveCfg = Debug|Any CPU
		{2B0AA96C-89B2-41EC-9CA8-CBB57895F465}.Debug|Any CPU.Build.0 = Debug|Any CPU
		{2B0AA96C-89B2-41EC-9CA8-CBB57895F465}.Debug|x64.ActiveCfg = Debug|Any CPU
		{2B0AA96C-89B2-41EC-9CA8-CBB57895F465}.Debug|x64.Build.0 = Debug|Any CPU
		{2B0AA96C-89B2-41EC-9CA8-CBB57895F465}.Debug|x86.ActiveCfg = Debug|Any CPU
		{2B0AA96C-89B2-41EC-9CA8-CBB57895F465}.Debug|x86.Build.0 = Debug|Any CPU
		{2B0AA96C-89B2-41EC-9CA8-CBB57895F465}.Release|Any CPU.ActiveCfg = Release|Any CPU
		{2B0AA96C-89B2-41EC-9CA8-CBB57895F465}.Release|Any CPU.Build.0 = Release|Any CPU
		{2B0AA96C-89B2-41EC-9CA8-CBB57895F465}.Release|x64.ActiveCfg = Release|Any CPU
		{2B0AA96C-89B2-41EC-9CA8-CBB57895F465}.Release|x64.Build.0 = Release|Any CPU
		{2B0AA96C-89B2-41EC-9CA8-CBB57895F465}.Release|x86.ActiveCfg = Release|Any CPU
		{2B0AA96C-89B2-41EC-9CA8-CBB57895F465}.Release|x86.Build.0 = Release|Any CPU
		{6A9D0DDC-894D-4B57-B9F8-C52D7794D53F}.Debug|Any CPU.ActiveCfg = Debug|Any CPU
		{6A9D0DDC-894D-4B57-B9F8-C52D7794D53F}.Debug|Any CPU.Build.0 = Debug|Any CPU
		{6A9D0DDC-894D-4B57-B9F8-C52D7794D53F}.Debug|x64.ActiveCfg = Debug|Any CPU
		{6A9D0DDC-894D-4B57-B9F8-C52D7794D53F}.Debug|x64.Build.0 = Debug|Any CPU
		{6A9D0DDC-894D-4B57-B9F8-C52D7794D53F}.Debug|x86.ActiveCfg = Debug|Any CPU
		{6A9D0DDC-894D-4B57-B9F8-C52D7794D53F}.Debug|x86.Build.0 = Debug|Any CPU
		{6A9D0DDC-894D-4B57-B9F8-C52D7794D53F}.Release|Any CPU.ActiveCfg = Release|Any CPU
		{6A9D0DDC-894D-4B57-B9F8-C52D7794D53F}.Release|Any CPU.Build.0 = Release|Any CPU
		{6A9D0DDC-894D-4B57-B9F8-C52D7794D53F}.Release|x64.ActiveCfg = Release|Any CPU
		{6A9D0DDC-894D-4B57-B9F8-C52D7794D53F}.Release|x64.Build.0 = Release|Any CPU
		{6A9D0DDC-894D-4B57-B9F8-C52D7794D53F}.Release|x86.ActiveCfg = Release|Any CPU
		{6A9D0DDC-894D-4B57-B9F8-C52D7794D53F}.Release|x86.Build.0 = Release|Any CPU
		{4B4F97B2-231E-44C2-8B27-FB97176C873B}.Debug|Any CPU.ActiveCfg = Debug|Any CPU
		{4B4F97B2-231E-44C2-8B27-FB97176C873B}.Debug|Any CPU.Build.0 = Debug|Any CPU
		{4B4F97B2-231E-44C2-8B27-FB97176C873B}.Debug|x64.ActiveCfg = Debug|Any CPU
		{4B4F97B2-231E-44C2-8B27-FB97176C873B}.Debug|x64.Build.0 = Debug|Any CPU
		{4B4F97B2-231E-44C2-8B27-FB97176C873B}.Debug|x86.ActiveCfg = Debug|Any CPU
		{4B4F97B2-231E-44C2-8B27-FB97176C873B}.Debug|x86.Build.0 = Debug|Any CPU
		{4B4F97B2-231E-44C2-8B27-FB97176C873B}.Release|Any CPU.ActiveCfg = Release|Any CPU
		{4B4F97B2-231E-44C2-8B27-FB97176C873B}.Release|Any CPU.Build.0 = Release|Any CPU
		{4B4F97B2-231E-44C2-8B27-FB97176C873B}.Release|x64.ActiveCfg = Release|Any CPU
		{4B4F97B2-231E-44C2-8B27-FB97176C873B}.Release|x64.Build.0 = Release|Any CPU
		{4B4F97B2-231E-44C2-8B27-FB97176C873B}.Release|x86.ActiveCfg = Release|Any CPU
		{4B4F97B2-231E-44C2-8B27-FB97176C873B}.Release|x86.Build.0 = Release|Any CPU
		{09642602-B34E-4F77-96D3-FB18BAF065E8}.Debug|Any CPU.ActiveCfg = Debug|Any CPU
		{09642602-B34E-4F77-96D3-FB18BAF065E8}.Debug|Any CPU.Build.0 = Debug|Any CPU
		{09642602-B34E-4F77-96D3-FB18BAF065E8}.Debug|x64.ActiveCfg = Debug|Any CPU
		{09642602-B34E-4F77-96D3-FB18BAF065E8}.Debug|x64.Build.0 = Debug|Any CPU
		{09642602-B34E-4F77-96D3-FB18BAF065E8}.Debug|x86.ActiveCfg = Debug|Any CPU
		{09642602-B34E-4F77-96D3-FB18BAF065E8}.Debug|x86.Build.0 = Debug|Any CPU
		{09642602-B34E-4F77-96D3-FB18BAF065E8}.Release|Any CPU.ActiveCfg = Release|Any CPU
		{09642602-B34E-4F77-96D3-FB18BAF065E8}.Release|Any CPU.Build.0 = Release|Any CPU
		{09642602-B34E-4F77-96D3-FB18BAF065E8}.Release|x64.ActiveCfg = Release|Any CPU
		{09642602-B34E-4F77-96D3-FB18BAF065E8}.Release|x64.Build.0 = Release|Any CPU
		{09642602-B34E-4F77-96D3-FB18BAF065E8}.Release|x86.ActiveCfg = Release|Any CPU
		{09642602-B34E-4F77-96D3-FB18BAF065E8}.Release|x86.Build.0 = Release|Any CPU
		{3F3044DC-A9F8-DE16-79DD-4A0C1649CD06}.Debug|Any CPU.ActiveCfg = Debug|Any CPU
		{3F3044DC-A9F8-DE16-79DD-4A0C1649CD06}.Debug|Any CPU.Build.0 = Debug|Any CPU
		{3F3044DC-A9F8-DE16-79DD-4A0C1649CD06}.Debug|x64.ActiveCfg = Debug|Any CPU
		{3F3044DC-A9F8-DE16-79DD-4A0C1649CD06}.Debug|x64.Build.0 = Debug|Any CPU
		{3F3044DC-A9F8-DE16-79DD-4A0C1649CD06}.Debug|x86.ActiveCfg = Debug|Any CPU
		{3F3044DC-A9F8-DE16-79DD-4A0C1649CD06}.Debug|x86.Build.0 = Debug|Any CPU
		{3F3044DC-A9F8-DE16-79DD-4A0C1649CD06}.Release|Any CPU.ActiveCfg = Release|Any CPU
		{3F3044DC-A9F8-DE16-79DD-4A0C1649CD06}.Release|Any CPU.Build.0 = Release|Any CPU
		{3F3044DC-A9F8-DE16-79DD-4A0C1649CD06}.Release|x64.ActiveCfg = Release|Any CPU
		{3F3044DC-A9F8-DE16-79DD-4A0C1649CD06}.Release|x64.Build.0 = Release|Any CPU
		{3F3044DC-A9F8-DE16-79DD-4A0C1649CD06}.Release|x86.ActiveCfg = Release|Any CPU
		{3F3044DC-A9F8-DE16-79DD-4A0C1649CD06}.Release|x86.Build.0 = Release|Any CPU
		{19D53FC9-77AA-4092-AB16-794DAA4503FE}.Debug|Any CPU.ActiveCfg = Debug|Any CPU
		{19D53FC9-77AA-4092-AB16-794DAA4503FE}.Debug|Any CPU.Build.0 = Debug|Any CPU
		{19D53FC9-77AA-4092-AB16-794DAA4503FE}.Debug|x64.ActiveCfg = Debug|Any CPU
		{19D53FC9-77AA-4092-AB16-794DAA4503FE}.Debug|x64.Build.0 = Debug|Any CPU
		{19D53FC9-77AA-4092-AB16-794DAA4503FE}.Debug|x86.ActiveCfg = Debug|Any CPU
		{19D53FC9-77AA-4092-AB16-794DAA4503FE}.Debug|x86.Build.0 = Debug|Any CPU
		{19D53FC9-77AA-4092-AB16-794DAA4503FE}.Release|Any CPU.ActiveCfg = Release|Any CPU
		{19D53FC9-77AA-4092-AB16-794DAA4503FE}.Release|Any CPU.Build.0 = Release|Any CPU
		{19D53FC9-77AA-4092-AB16-794DAA4503FE}.Release|x64.ActiveCfg = Release|Any CPU
		{19D53FC9-77AA-4092-AB16-794DAA4503FE}.Release|x64.Build.0 = Release|Any CPU
		{19D53FC9-77AA-4092-AB16-794DAA4503FE}.Release|x86.ActiveCfg = Release|Any CPU
		{19D53FC9-77AA-4092-AB16-794DAA4503FE}.Release|x86.Build.0 = Release|Any CPU
		{8AFEE154-43FC-4E72-B340-2C3194B18677}.Debug|Any CPU.ActiveCfg = Debug|Any CPU
		{8AFEE154-43FC-4E72-B340-2C3194B18677}.Debug|Any CPU.Build.0 = Debug|Any CPU
		{8AFEE154-43FC-4E72-B340-2C3194B18677}.Debug|x64.ActiveCfg = Debug|Any CPU
		{8AFEE154-43FC-4E72-B340-2C3194B18677}.Debug|x64.Build.0 = Debug|Any CPU
		{8AFEE154-43FC-4E72-B340-2C3194B18677}.Debug|x86.ActiveCfg = Debug|Any CPU
		{8AFEE154-43FC-4E72-B340-2C3194B18677}.Debug|x86.Build.0 = Debug|Any CPU
		{8AFEE154-43FC-4E72-B340-2C3194B18677}.Release|Any CPU.ActiveCfg = Release|Any CPU
		{8AFEE154-43FC-4E72-B340-2C3194B18677}.Release|Any CPU.Build.0 = Release|Any CPU
		{8AFEE154-43FC-4E72-B340-2C3194B18677}.Release|x64.ActiveCfg = Release|Any CPU
		{8AFEE154-43FC-4E72-B340-2C3194B18677}.Release|x64.Build.0 = Release|Any CPU
		{8AFEE154-43FC-4E72-B340-2C3194B18677}.Release|x86.ActiveCfg = Release|Any CPU
		{8AFEE154-43FC-4E72-B340-2C3194B18677}.Release|x86.Build.0 = Release|Any CPU
		{0BBBE076-0BF1-431E-9966-E48D9A6869BA}.Debug|Any CPU.ActiveCfg = Debug|Any CPU
		{0BBBE076-0BF1-431E-9966-E48D9A6869BA}.Debug|Any CPU.Build.0 = Debug|Any CPU
		{0BBBE076-0BF1-431E-9966-E48D9A6869BA}.Debug|x64.ActiveCfg = Debug|Any CPU
		{0BBBE076-0BF1-431E-9966-E48D9A6869BA}.Debug|x64.Build.0 = Debug|Any CPU
		{0BBBE076-0BF1-431E-9966-E48D9A6869BA}.Debug|x86.ActiveCfg = Debug|Any CPU
		{0BBBE076-0BF1-431E-9966-E48D9A6869BA}.Debug|x86.Build.0 = Debug|Any CPU
		{0BBBE076-0BF1-431E-9966-E48D9A6869BA}.Release|Any CPU.ActiveCfg = Release|Any CPU
		{0BBBE076-0BF1-431E-9966-E48D9A6869BA}.Release|Any CPU.Build.0 = Release|Any CPU
		{0BBBE076-0BF1-431E-9966-E48D9A6869BA}.Release|x64.ActiveCfg = Release|Any CPU
		{0BBBE076-0BF1-431E-9966-E48D9A6869BA}.Release|x64.Build.0 = Release|Any CPU
		{0BBBE076-0BF1-431E-9966-E48D9A6869BA}.Release|x86.ActiveCfg = Release|Any CPU
		{0BBBE076-0BF1-431E-9966-E48D9A6869BA}.Release|x86.Build.0 = Release|Any CPU
		{F6909775-D6BA-48AA-B47B-D3843384FDC1}.Debug|Any CPU.ActiveCfg = Debug|Any CPU
		{F6909775-D6BA-48AA-B47B-D3843384FDC1}.Debug|Any CPU.Build.0 = Debug|Any CPU
		{F6909775-D6BA-48AA-B47B-D3843384FDC1}.Debug|x64.ActiveCfg = Debug|Any CPU
		{F6909775-D6BA-48AA-B47B-D3843384FDC1}.Debug|x64.Build.0 = Debug|Any CPU
		{F6909775-D6BA-48AA-B47B-D3843384FDC1}.Debug|x86.ActiveCfg = Debug|Any CPU
		{F6909775-D6BA-48AA-B47B-D3843384FDC1}.Debug|x86.Build.0 = Debug|Any CPU
		{F6909775-D6BA-48AA-B47B-D3843384FDC1}.Release|Any CPU.ActiveCfg = Release|Any CPU
		{F6909775-D6BA-48AA-B47B-D3843384FDC1}.Release|Any CPU.Build.0 = Release|Any CPU
		{F6909775-D6BA-48AA-B47B-D3843384FDC1}.Release|x64.ActiveCfg = Release|Any CPU
		{F6909775-D6BA-48AA-B47B-D3843384FDC1}.Release|x64.Build.0 = Release|Any CPU
		{F6909775-D6BA-48AA-B47B-D3843384FDC1}.Release|x86.ActiveCfg = Release|Any CPU
		{F6909775-D6BA-48AA-B47B-D3843384FDC1}.Release|x86.Build.0 = Release|Any CPU
	EndGlobalSection
	GlobalSection(SolutionProperties) = preSolution
		HideSolutionNode = FALSE
	EndGlobalSection
	GlobalSection(NestedProjects) = preSolution
		{3E9C3776-17C9-28DE-3735-A8B9F121C183} = {827E0CD3-B72D-47B6-A68D-7590B98EB39B}
		{52AE37F6-5EB8-4ADC-9449-3E9DBA16081C} = {3E9C3776-17C9-28DE-3735-A8B9F121C183}
		{EC447DCF-ABFA-6E24-52A5-D7FD48A5C558} = {827E0CD3-B72D-47B6-A68D-7590B98EB39B}
		{3151825B-A8DB-48BC-B97B-6FE44DC0E88E} = {EC447DCF-ABFA-6E24-52A5-D7FD48A5C558}
		{D5170516-3802-419E-A25C-C76064BB842F} = {EC447DCF-ABFA-6E24-52A5-D7FD48A5C558}
		{C18C61CE-5F06-4A86-81AB-88C8DE5309A0} = {EC447DCF-ABFA-6E24-52A5-D7FD48A5C558}
		{561D901F-D16D-426D-B8EA-DEAE12F58956} = {EC447DCF-ABFA-6E24-52A5-D7FD48A5C558}
		{05D8BAE8-43B4-466A-AA9C-4A87CB256C97} = {EC447DCF-ABFA-6E24-52A5-D7FD48A5C558}
		{0C122CF1-8923-41BF-928E-61FAAA4DF5B8} = {EC447DCF-ABFA-6E24-52A5-D7FD48A5C558}
		{32FAA0B6-D8A9-7F26-B2D1-24CFD72580FF} = {827E0CD3-B72D-47B6-A68D-7590B98EB39B}
		{2B0AA96C-89B2-41EC-9CA8-CBB57895F465} = {32FAA0B6-D8A9-7F26-B2D1-24CFD72580FF}
		{6A9D0DDC-894D-4B57-B9F8-C52D7794D53F} = {3E9C3776-17C9-28DE-3735-A8B9F121C183}
		{4B4F97B2-231E-44C2-8B27-FB97176C873B} = {32FAA0B6-D8A9-7F26-B2D1-24CFD72580FF}
		{09642602-B34E-4F77-96D3-FB18BAF065E8} = {32FAA0B6-D8A9-7F26-B2D1-24CFD72580FF}
		{02EA681E-C7D8-13C7-8484-4AC65E1B71E8} = {827E0CD3-B72D-47B6-A68D-7590B98EB39B}
		{3F3044DC-A9F8-DE16-79DD-4A0C1649CD06} = {02EA681E-C7D8-13C7-8484-4AC65E1B71E8}
		{19D53FC9-77AA-4092-AB16-794DAA4503FE} = {0C88DD14-F956-CE84-757C-A364CCF449FC}
		{8AFEE154-43FC-4E72-B340-2C3194B18677} = {0C88DD14-F956-CE84-757C-A364CCF449FC}
		{0BBBE076-0BF1-431E-9966-E48D9A6869BA} = {32FAA0B6-D8A9-7F26-B2D1-24CFD72580FF}
		{F6909775-D6BA-48AA-B47B-D3843384FDC1} = {32FAA0B6-D8A9-7F26-B2D1-24CFD72580FF}
	EndGlobalSection
	GlobalSection(ExtensibilityGlobals) = postSolution
		SolutionGuid = {3464EB67-45F0-4910-BFF0-40DB4C0208CF}
	EndGlobalSection
EndGlobal
